
Microsoft Visual Studio Solution File, Format Version 12.00
# Visual Studio Version 17
VisualStudioVersion = 17.4.33213.308
MinimumVisualStudioVersion = 10.0.40219.1
Project("{888888A0-9F3D-457C-B088-3A5042F75D52}") = "Lesson3", "Lesson3\Lesson3.pyproj", "{3C32AF2C-14C0-4234-9979-9C7028748DAF}"
EndProject
Global
	GlobalSection(SolutionConfigurationPlatforms) = preSolution
		Debug|Any CPU = Debug|Any CPU
		Release|Any CPU = Release|Any CPU
	EndGlobalSection
	GlobalSection(ProjectConfigurationPlatforms) = postSolution
		{3C32AF2C-14C0-4234-9979-9C7028748DAF}.Debug|Any CPU.ActiveCfg = Debug|Any CPU
		{3C32AF2C-14C0-4234-9979-9C7028748DAF}.Release|Any CPU.ActiveCfg = Release|Any CPU
	EndGlobalSection
	GlobalSection(SolutionProperties) = preSolution
		HideSolutionNode = FALSE
	EndGlobalSection
	GlobalSection(ExtensibilityGlobals) = postSolution
		SolutionGuid = {5BD9F08B-6306-448B-A859-35B65E170300}
	EndGlobalSection
EndGlobal
